// !$*UTF8*$!
{
	archiveVersion = 1;
	classes = {
	};
	objectVersion = 50;
	objects = {

/* Begin PBXBuildFile section */
		366AB80F24A463E000D4BEB4 /* AddSingleGoal.swift in Sources */ = {isa = PBXBuildFile; fileRef = 366AB80E24A463E000D4BEB4 /* AddSingleGoal.swift */; };
		366AB81124A46A3100D4BEB4 /* Cells.swift in Sources */ = {isa = PBXBuildFile; fileRef = 366AB81024A46A3100D4BEB4 /* Cells.swift */; };
		366AB81324A46A5D00D4BEB4 /* GoalSubmenu.swift in Sources */ = {isa = PBXBuildFile; fileRef = 366AB81224A46A5D00D4BEB4 /* GoalSubmenu.swift */; };
		366AB81524A46A9300D4BEB4 /* Modifiers.swift in Sources */ = {isa = PBXBuildFile; fileRef = 366AB81424A46A9300D4BEB4 /* Modifiers.swift */; };
		366AB81824A46B3D00D4BEB4 /* SingleGoalView.swift in Sources */ = {isa = PBXBuildFile; fileRef = 366AB81724A46B3D00D4BEB4 /* SingleGoalView.swift */; };
		36C25A0824A39E3B0076B716 /* AppDelegate.swift in Sources */ = {isa = PBXBuildFile; fileRef = 36C25A0724A39E3B0076B716 /* AppDelegate.swift */; };
		36C25A0A24A39E3B0076B716 /* SceneDelegate.swift in Sources */ = {isa = PBXBuildFile; fileRef = 36C25A0924A39E3B0076B716 /* SceneDelegate.swift */; };
		36C25A0C24A39E3B0076B716 /* ContentView.swift in Sources */ = {isa = PBXBuildFile; fileRef = 36C25A0B24A39E3B0076B716 /* ContentView.swift */; };
		36C25A0E24A39E3C0076B716 /* Assets.xcassets in Resources */ = {isa = PBXBuildFile; fileRef = 36C25A0D24A39E3C0076B716 /* Assets.xcassets */; };
		36C25A1124A39E3C0076B716 /* Preview Assets.xcassets in Resources */ = {isa = PBXBuildFile; fileRef = 36C25A1024A39E3C0076B716 /* Preview Assets.xcassets */; };
		36C25A1424A39E3C0076B716 /* LaunchScreen.storyboard in Resources */ = {isa = PBXBuildFile; fileRef = 36C25A1224A39E3C0076B716 /* LaunchScreen.storyboard */; };
		36C25A1C24A3A8810076B716 /* AddReoccurringGoalView.swift in Sources */ = {isa = PBXBuildFile; fileRef = 36C25A1B24A3A8810076B716 /* AddReoccurringGoalView.swift */; };
		36C25A1E24A3A8FB0076B716 /* Goal.swift in Sources */ = {isa = PBXBuildFile; fileRef = 36C25A1D24A3A8FB0076B716 /* Goal.swift */; };
		36C25A2024A3A9EB0076B716 /* ReoccurringGoalView.swift in Sources */ = {isa = PBXBuildFile; fileRef = 36C25A1F24A3A9EB0076B716 /* ReoccurringGoalView.swift */; };
/* End PBXBuildFile section */

/* Begin PBXFileReference section */
		366AB80E24A463E000D4BEB4 /* AddSingleGoal.swift */ = {isa = PBXFileReference; lastKnownFileType = sourcecode.swift; path = AddSingleGoal.swift; sourceTree = "<group>"; };
		366AB81024A46A3100D4BEB4 /* Cells.swift */ = {isa = PBXFileReference; lastKnownFileType = sourcecode.swift; path = Cells.swift; sourceTree = "<group>"; };
		366AB81224A46A5D00D4BEB4 /* GoalSubmenu.swift */ = {isa = PBXFileReference; lastKnownFileType = sourcecode.swift; path = GoalSubmenu.swift; sourceTree = "<group>"; };
		366AB81424A46A9300D4BEB4 /* Modifiers.swift */ = {isa = PBXFileReference; lastKnownFileType = sourcecode.swift; path = Modifiers.swift; sourceTree = "<group>"; };
		366AB81724A46B3D00D4BEB4 /* SingleGoalView.swift */ = {isa = PBXFileReference; lastKnownFileType = sourcecode.swift; path = SingleGoalView.swift; sourceTree = "<group>"; };
		36C25A0424A39E3B0076B716 /* HabitTracker.app */ = {isa = PBXFileReference; explicitFileType = wrapper.application; includeInIndex = 0; path = HabitTracker.app; sourceTree = BUILT_PRODUCTS_DIR; };
		36C25A0724A39E3B0076B716 /* AppDelegate.swift */ = {isa = PBXFileReference; lastKnownFileType = sourcecode.swift; path = AppDelegate.swift; sourceTree = "<group>"; };
		36C25A0924A39E3B0076B716 /* SceneDelegate.swift */ = {isa = PBXFileReference; lastKnownFileType = sourcecode.swift; path = SceneDelegate.swift; sourceTree = "<group>"; };
		36C25A0B24A39E3B0076B716 /* ContentView.swift */ = {isa = PBXFileReference; lastKnownFileType = sourcecode.swift; path = ContentView.swift; sourceTree = "<group>"; };
		36C25A0D24A39E3C0076B716 /* Assets.xcassets */ = {isa = PBXFileReference; lastKnownFileType = folder.assetcatalog; path = Assets.xcassets; sourceTree = "<group>"; };
		36C25A1024A39E3C0076B716 /* Preview Assets.xcassets */ = {isa = PBXFileReference; lastKnownFileType = folder.assetcatalog; path = "Preview Assets.xcassets"; sourceTree = "<group>"; };
		36C25A1324A39E3C0076B716 /* Base */ = {isa = PBXFileReference; lastKnownFileType = file.storyboard; name = Base; path = Base.lproj/LaunchScreen.storyboard; sourceTree = "<group>"; };
		36C25A1524A39E3C0076B716 /* Info.plist */ = {isa = PBXFileReference; lastKnownFileType = text.plist.xml; path = Info.plist; sourceTree = "<group>"; };
		36C25A1B24A3A8810076B716 /* AddReoccurringGoalView.swift */ = {isa = PBXFileReference; lastKnownFileType = sourcecode.swift; path = AddReoccurringGoalView.swift; sourceTree = "<group>"; };
		36C25A1D24A3A8FB0076B716 /* Goal.swift */ = {isa = PBXFileReference; lastKnownFileType = sourcecode.swift; path = Goal.swift; sourceTree = "<group>"; };
		36C25A1F24A3A9EB0076B716 /* ReoccurringGoalView.swift */ = {isa = PBXFileReference; lastKnownFileType = sourcecode.swift; path = ReoccurringGoalView.swift; sourceTree = "<group>"; };
/* End PBXFileReference section */

/* Begin PBXFrameworksBuildPhase section */
		36C25A0124A39E3B0076B716 /* Frameworks */ = {
			isa = PBXFrameworksBuildPhase;
			buildActionMask = 2147483647;
			files = (
			);
			runOnlyForDeploymentPostprocessing = 0;
		};
/* End PBXFrameworksBuildPhase section */

/* Begin PBXGroup section */
		366AB81624A46AFF00D4BEB4 /* AddViews */ = {
			isa = PBXGroup;
			children = (
				36C25A1B24A3A8810076B716 /* AddReoccurringGoalView.swift */,
				366AB80E24A463E000D4BEB4 /* AddSingleGoal.swift */,
			);
			path = AddViews;
			sourceTree = "<group>";
		};
		366AB81924A46B7F00D4BEB4 /* DetailViews */ = {
			isa = PBXGroup;
			children = (
				36C25A1F24A3A9EB0076B716 /* ReoccurringGoalView.swift */,
				366AB81724A46B3D00D4BEB4 /* SingleGoalView.swift */,
			);
			path = DetailViews;
			sourceTree = "<group>";
		};
		36C259FB24A39E3B0076B716 = {
			isa = PBXGroup;
			children = (
				36C25A0624A39E3B0076B716 /* HabitTracker */,
				36C25A0524A39E3B0076B716 /* Products */,
			);
			sourceTree = "<group>";
		};
		36C25A0524A39E3B0076B716 /* Products */ = {
			isa = PBXGroup;
			children = (
				36C25A0424A39E3B0076B716 /* HabitTracker.app */,
			);
			name = Products;
			sourceTree = "<group>";
		};
		36C25A0624A39E3B0076B716 /* HabitTracker */ = {
			isa = PBXGroup;
			children = (
				366AB81424A46A9300D4BEB4 /* Modifiers.swift */,
				36C25A0724A39E3B0076B716 /* AppDelegate.swift */,
				36C25A0924A39E3B0076B716 /* SceneDelegate.swift */,
				366AB81024A46A3100D4BEB4 /* Cells.swift */,
				36C25A0B24A39E3B0076B716 /* ContentView.swift */,
				36C25A1D24A3A8FB0076B716 /* Goal.swift */,
				366AB81224A46A5D00D4BEB4 /* GoalSubmenu.swift */,
				366AB81924A46B7F00D4BEB4 /* DetailViews */,
				366AB81624A46AFF00D4BEB4 /* AddViews */,
				36C25A0D24A39E3C0076B716 /* Assets.xcassets */,
				36C25A1224A39E3C0076B716 /* LaunchScreen.storyboard */,
				36C25A1524A39E3C0076B716 /* Info.plist */,
				36C25A0F24A39E3C0076B716 /* Preview Content */,
			);
			path = HabitTracker;
			sourceTree = "<group>";
		};
		36C25A0F24A39E3C0076B716 /* Preview Content */ = {
			isa = PBXGroup;
			children = (
				36C25A1024A39E3C0076B716 /* Preview Assets.xcassets */,
			);
			path = "Preview Content";
			sourceTree = "<group>";
		};
/* End PBXGroup section */

/* Begin PBXNativeTarget section */
		36C25A0324A39E3B0076B716 /* HabitTracker */ = {
			isa = PBXNativeTarget;
			buildConfigurationList = 36C25A1824A39E3C0076B716 /* Build configuration list for PBXNativeTarget "HabitTracker" */;
			buildPhases = (
				36C25A0024A39E3B0076B716 /* Sources */,
				36C25A0124A39E3B0076B716 /* Frameworks */,
				36C25A0224A39E3B0076B716 /* Resources */,
			);
			buildRules = (
			);
			dependencies = (
			);
			name = HabitTracker;
			productName = HabitTracker;
			productReference = 36C25A0424A39E3B0076B716 /* HabitTracker.app */;
			productType = "com.apple.product-type.application";
		};
/* End PBXNativeTarget section */

/* Begin PBXProject section */
		36C259FC24A39E3B0076B716 /* Project object */ = {
			isa = PBXProject;
			attributes = {
				LastSwiftUpdateCheck = 1150;
				LastUpgradeCheck = 1150;
				ORGANIZATIONNAME = jacobrozell;
				TargetAttributes = {
					36C25A0324A39E3B0076B716 = {
						CreatedOnToolsVersion = 11.5;
					};
				};
			};
			buildConfigurationList = 36C259FF24A39E3B0076B716 /* Build configuration list for PBXProject "HabitTracker" */;
			compatibilityVersion = "Xcode 9.3";
			developmentRegion = en;
			hasScannedForEncodings = 0;
			knownRegions = (
				en,
				Base,
			);
			mainGroup = 36C259FB24A39E3B0076B716;
			productRefGroup = 36C25A0524A39E3B0076B716 /* Products */;
			projectDirPath = "";
			projectRoot = "";
			targets = (
				36C25A0324A39E3B0076B716 /* HabitTracker */,
			);
		};
/* End PBXProject section */

/* Begin PBXResourcesBuildPhase section */
		36C25A0224A39E3B0076B716 /* Resources */ = {
			isa = PBXResourcesBuildPhase;
			buildActionMask = 2147483647;
			files = (
				36C25A1424A39E3C0076B716 /* LaunchScreen.storyboard in Resources */,
				36C25A1124A39E3C0076B716 /* Preview Assets.xcassets in Resources */,
				36C25A0E24A39E3C0076B716 /* Assets.xcassets in Resources */,
			);
			runOnlyForDeploymentPostprocessing = 0;
		};
/* End PBXResourcesBuildPhase section */

/* Begin PBXSourcesBuildPhase section */
		36C25A0024A39E3B0076B716 /* Sources */ = {
			isa = PBXSourcesBuildPhase;
			buildActionMask = 2147483647;
			files = (
				366AB81824A46B3D00D4BEB4 /* SingleGoalView.swift in Sources */,
				36C25A1E24A3A8FB0076B716 /* Goal.swift in Sources */,
				366AB81324A46A5D00D4BEB4 /* GoalSubmenu.swift in Sources */,
				366AB81124A46A3100D4BEB4 /* Cells.swift in Sources */,
				36C25A1C24A3A8810076B716 /* AddReoccurringGoalView.swift in Sources */,
				366AB81524A46A9300D4BEB4 /* Modifiers.swift in Sources */,
				36C25A0824A39E3B0076B716 /* AppDelegate.swift in Sources */,
				36C25A2024A3A9EB0076B716 /* ReoccurringGoalView.swift in Sources */,
				36C25A0A24A39E3B0076B716 /* SceneDelegate.swift in Sources */,
				366AB80F24A463E000D4BEB4 /* AddSingleGoal.swift in Sources */,
				36C25A0C24A39E3B0076B716 /* ContentView.swift in Sources */,
			);
			runOnlyForDeploymentPostprocessing = 0;
		};
/* End PBXSourcesBuildPhase section */

/* Begin PBXVariantGroup section */
		36C25A1224A39E3C0076B716 /* LaunchScreen.storyboard */ = {
			isa = PBXVariantGroup;
			children = (
				36C25A1324A39E3C0076B716 /* Base */,
			);
			name = LaunchScreen.storyboard;
			sourceTree = "<group>";
		};
/* End PBXVariantGroup section */

/* Begin XCBuildConfiguration section */
		36C25A1624A39E3C0076B716 /* Debug */ = {
			isa = XCBuildConfiguration;
			buildSettings = {
				ALWAYS_SEARCH_USER_PATHS = NO;
				CLANG_ANALYZER_NONNULL = YES;
				CLANG_ANALYZER_NUMBER_OBJECT_CONVERSION = YES_AGGRESSIVE;
				CLANG_CXX_LANGUAGE_STANDARD = "gnu++14";
				CLANG_CXX_LIBRARY = "libc++";
				CLANG_ENABLE_MODULES = YES;
				CLANG_ENABLE_OBJC_ARC = YES;
				CLANG_ENABLE_OBJC_WEAK = YES;
				CLANG_WARN_BLOCK_CAPTURE_AUTORELEASING = YES;
				CLANG_WARN_BOOL_CONVERSION = YES;
				CLANG_WARN_COMMA = YES;
				CLANG_WARN_CONSTANT_CONVERSION = YES;
				CLANG_WARN_DEPRECATED_OBJC_IMPLEMENTATIONS = YES;
				CLANG_WARN_DIRECT_OBJC_ISA_USAGE = YES_ERROR;
				CLANG_WARN_DOCUMENTATION_COMMENTS = YES;
				CLANG_WARN_EMPTY_BODY = YES;
				CLANG_WARN_ENUM_CONVERSION = YES;
				CLANG_WARN_INFINITE_RECURSION = YES;
				CLANG_WARN_INT_CONVERSION = YES;
				CLANG_WARN_NON_LITERAL_NULL_CONVERSION = YES;
				CLANG_WARN_OBJC_IMPLICIT_RETAIN_SELF = YES;
				CLANG_WARN_OBJC_LITERAL_CONVERSION = YES;
				CLANG_WARN_OBJC_ROOT_CLASS = YES_ERROR;
				CLANG_WARN_RANGE_LOOP_ANALYSIS = YES;
				CLANG_WARN_STRICT_PROTOTYPES = YES;
				CLANG_WARN_SUSPICIOUS_MOVE = YES;
				CLANG_WARN_UNGUARDED_AVAILABILITY = YES_AGGRESSIVE;
				CLANG_WARN_UNREACHABLE_CODE = YES;
				CLANG_WARN__DUPLICATE_METHOD_MATCH = YES;
				COPY_PHASE_STRIP = NO;
				DEBUG_INFORMATION_FORMAT = dwarf;
				ENABLE_STRICT_OBJC_MSGSEND = YES;
				ENABLE_TESTABILITY = YES;
				GCC_C_LANGUAGE_STANDARD = gnu11;
				GCC_DYNAMIC_NO_PIC = NO;
				GCC_NO_COMMON_BLOCKS = YES;
				GCC_OPTIMIZATION_LEVEL = 0;
				GCC_PREPROCESSOR_DEFINITIONS = (
					"DEBUG=1",
					"$(inherited)",
				);
				GCC_WARN_64_TO_32_BIT_CONVERSION = YES;
				GCC_WARN_ABOUT_RETURN_TYPE = YES_ERROR;
				GCC_WARN_UNDECLARED_SELECTOR = YES;
				GCC_WARN_UNINITIALIZED_AUTOS = YES_AGGRESSIVE;
				GCC_WARN_UNUSED_FUNCTION = YES;
				GCC_WARN_UNUSED_VARIABLE = YES;
				IPHONEOS_DEPLOYMENT_TARGET = 13.5;
				MTL_ENABLE_DEBUG_INFO = INCLUDE_SOURCE;
				MTL_FAST_MATH = YES;
				ONLY_ACTIVE_ARCH = YES;
				SDKROOT = iphoneos;
				SWIFT_ACTIVE_COMPILATION_CONDITIONS = DEBUG;
				SWIFT_OPTIMIZATION_LEVEL = "-Onone";
			};
			name = Debug;
		};
		36C25A1724A39E3C0076B716 /* Release */ = {
			isa = XCBuildConfiguration;
			buildSettings = {
				ALWAYS_SEARCH_USER_PATHS = NO;
				CLANG_ANALYZER_NONNULL = YES;
				CLANG_ANALYZER_NUMBER_OBJECT_CONVERSION = YES_AGGRESSIVE;
				CLANG_CXX_LANGUAGE_STANDARD = "gnu++14";
				CLANG_CXX_LIBRARY = "libc++";
				CLANG_ENABLE_MODULES = YES;
				CLANG_ENABLE_OBJC_ARC = YES;
				CLANG_ENABLE_OBJC_WEAK = YES;
				CLANG_WARN_BLOCK_CAPTURE_AUTORELEASING = YES;
				CLANG_WARN_BOOL_CONVERSION = YES;
				CLANG_WARN_COMMA = YES;
				CLANG_WARN_CONSTANT_CONVERSION = YES;
				CLANG_WARN_DEPRECATED_OBJC_IMPLEMENTATIONS = YES;
				CLANG_WARN_DIRECT_OBJC_ISA_USAGE = YES_ERROR;
				CLANG_WARN_DOCUMENTATION_COMMENTS = YES;
				CLANG_WARN_EMPTY_BODY = YES;
				CLANG_WARN_ENUM_CONVERSION = YES;
				CLANG_WARN_INFINITE_RECURSION = YES;
				CLANG_WARN_INT_CONVERSION = YES;
				CLANG_WARN_NON_LITERAL_NULL_CONVERSION = YES;
				CLANG_WARN_OBJC_IMPLICIT_RETAIN_SELF = YES;
				CLANG_WARN_OBJC_LITERAL_CONVERSION = YES;
				CLANG_WARN_OBJC_ROOT_CLASS = YES_ERROR;
				CLANG_WARN_RANGE_LOOP_ANALYSIS = YES;
				CLANG_WARN_STRICT_PROTOTYPES = YES;
				CLANG_WARN_SUSPICIOUS_MOVE = YES;
				CLANG_WARN_UNGUARDED_AVAILABILITY = YES_AGGRESSIVE;
				CLANG_WARN_UNREACHABLE_CODE = YES;
				CLANG_WARN__DUPLICATE_METHOD_MATCH = YES;
				COPY_PHASE_STRIP = NO;
				DEBUG_INFORMATION_FORMAT = "dwarf-with-dsym";
				ENABLE_NS_ASSERTIONS = NO;
				ENABLE_STRICT_OBJC_MSGSEND = YES;
				GCC_C_LANGUAGE_STANDARD = gnu11;
				GCC_NO_COMMON_BLOCKS = YES;
				GCC_WARN_64_TO_32_BIT_CONVERSION = YES;
				GCC_WARN_ABOUT_RETURN_TYPE = YES_ERROR;
				GCC_WARN_UNDECLARED_SELECTOR = YES;
				GCC_WARN_UNINITIALIZED_AUTOS = YES_AGGRESSIVE;
				GCC_WARN_UNUSED_FUNCTION = YES;
				GCC_WARN_UNUSED_VARIABLE = YES;
				IPHONEOS_DEPLOYMENT_TARGET = 13.5;
				MTL_ENABLE_DEBUG_INFO = NO;
				MTL_FAST_MATH = YES;
				SDKROOT = iphoneos;
				SWIFT_COMPILATION_MODE = wholemodule;
				SWIFT_OPTIMIZATION_LEVEL = "-O";
				VALIDATE_PRODUCT = YES;
			};
			name = Release;
		};
		36C25A1924A39E3C0076B716 /* Debug */ = {
			isa = XCBuildConfiguration;
			buildSettings = {
				ASSETCATALOG_COMPILER_APPICON_NAME = AppIcon;
				CODE_SIGN_STYLE = Automatic;
				DEVELOPMENT_ASSET_PATHS = "\"HabitTracker/Preview Content\"";
				DEVELOPMENT_TEAM = 7JT2JB89AV;
				ENABLE_PREVIEWS = YES;
				INFOPLIST_FILE = HabitTracker/Info.plist;
				LD_RUNPATH_SEARCH_PATHS = (
					"$(inherited)",
					"@executable_path/Frameworks",
				);
				PRODUCT_BUNDLE_IDENTIFIER = com.jacobrozell.HabitTracker;
				PRODUCT_NAME = "$(TARGET_NAME)";
				SWIFT_VERSION = 5.0;
				TARGETED_DEVICE_FAMILY = "1,2";
			};
			name = Debug;
		};
		36C25A1A24A39E3C0076B716 /* Release */ = {
			isa = XCBuildConfiguration;
			buildSettings = {
				ASSETCATALOG_COMPILER_APPICON_NAME = AppIcon;
				CODE_SIGN_STYLE = Automatic;
				DEVELOPMENT_ASSET_PATHS = "\"HabitTracker/Preview Content\"";
				DEVELOPMENT_TEAM = 7JT2JB89AV;
				ENABLE_PREVIEWS = YES;
				INFOPLIST_FILE = HabitTracker/Info.plist;
				LD_RUNPATH_SEARCH_PATHS = (
					"$(inherited)",
					"@executable_path/Frameworks",
				);
				PRODUCT_BUNDLE_IDENTIFIER = com.jacobrozell.HabitTracker;
				PRODUCT_NAME = "$(TARGET_NAME)";
				SWIFT_VERSION = 5.0;
				TARGETED_DEVICE_FAMILY = "1,2";
			};
			name = Release;
		};
/* End XCBuildConfiguration section */

/* Begin XCConfigurationList section */
		36C259FF24A39E3B0076B716 /* Build configuration list for PBXProject "HabitTracker" */ = {
			isa = XCConfigurationList;
			buildConfigurations = (
				36C25A1624A39E3C0076B716 /* Debug */,
				36C25A1724A39E3C0076B716 /* Release */,
			);
			defaultConfigurationIsVisible = 0;
			defaultConfigurationName = Release;
		};
		36C25A1824A39E3C0076B716 /* Build configuration list for PBXNativeTarget "HabitTracker" */ = {
			isa = XCConfigurationList;
			buildConfigurations = (
				36C25A1924A39E3C0076B716 /* Debug */,
				36C25A1A24A39E3C0076B716 /* Release */,
			);
			defaultConfigurationIsVisible = 0;
			defaultConfigurationName = Release;
		};
/* End XCConfigurationList section */
	};
	rootObject = 36C259FC24A39E3B0076B716 /* Project object */;
}
