// !$*UTF8*$!
{
	archiveVersion = 1;
	classes = {
	};
	objectVersion = 50;
	objects = {

/* Begin PBXBuildFile section */
		361114DB248A8DD200D7C9FB /* AppDelegate.swift in Sources */ = {isa = PBXBuildFile; fileRef = 361114DA248A8DD200D7C9FB /* AppDelegate.swift */; };
		361114DD248A8DD200D7C9FB /* SceneDelegate.swift in Sources */ = {isa = PBXBuildFile; fileRef = 361114DC248A8DD200D7C9FB /* SceneDelegate.swift */; };
		361114DF248A8DD200D7C9FB /* ContentView.swift in Sources */ = {isa = PBXBuildFile; fileRef = 361114DE248A8DD200D7C9FB /* ContentView.swift */; };
		361114E1248A8DD400D7C9FB /* Assets.xcassets in Resources */ = {isa = PBXBuildFile; fileRef = 361114E0248A8DD400D7C9FB /* Assets.xcassets */; };
		361114E4248A8DD400D7C9FB /* Preview Assets.xcassets in Resources */ = {isa = PBXBuildFile; fileRef = 361114E3248A8DD400D7C9FB /* Preview Assets.xcassets */; };
		361114E7248A8DD400D7C9FB /* LaunchScreen.storyboard in Resources */ = {isa = PBXBuildFile; fileRef = 361114E5248A8DD400D7C9FB /* LaunchScreen.storyboard */; };
/* End PBXBuildFile section */

/* Begin PBXFileReference section */
		361114D7248A8DD200D7C9FB /* AnimationSandbox.app */ = {isa = PBXFileReference; explicitFileType = wrapper.application; includeInIndex = 0; path = AnimationSandbox.app; sourceTree = BUILT_PRODUCTS_DIR; };
		361114DA248A8DD200D7C9FB /* AppDelegate.swift */ = {isa = PBXFileReference; lastKnownFileType = sourcecode.swift; path = AppDelegate.swift; sourceTree = "<group>"; };
		361114DC248A8DD200D7C9FB /* SceneDelegate.swift */ = {isa = PBXFileReference; lastKnownFileType = sourcecode.swift; path = SceneDelegate.swift; sourceTree = "<group>"; };
		361114DE248A8DD200D7C9FB /* ContentView.swift */ = {isa = PBXFileReference; lastKnownFileType = sourcecode.swift; path = ContentView.swift; sourceTree = "<group>"; };
		361114E0248A8DD400D7C9FB /* Assets.xcassets */ = {isa = PBXFileReference; lastKnownFileType = folder.assetcatalog; path = Assets.xcassets; sourceTree = "<group>"; };
		361114E3248A8DD400D7C9FB /* Preview Assets.xcassets */ = {isa = PBXFileReference; lastKnownFileType = folder.assetcatalog; path = "Preview Assets.xcassets"; sourceTree = "<group>"; };
		361114E6248A8DD400D7C9FB /* Base */ = {isa = PBXFileReference; lastKnownFileType = file.storyboard; name = Base; path = Base.lproj/LaunchScreen.storyboard; sourceTree = "<group>"; };
		361114E8248A8DD400D7C9FB /* Info.plist */ = {isa = PBXFileReference; lastKnownFileType = text.plist.xml; path = Info.plist; sourceTree = "<group>"; };
/* End PBXFileReference section */

/* Begin PBXFrameworksBuildPhase section */
		361114D4248A8DD200D7C9FB /* Frameworks */ = {
			isa = PBXFrameworksBuildPhase;
			buildActionMask = 2147483647;
			files = (
			);
			runOnlyForDeploymentPostprocessing = 0;
		};
/* End PBXFrameworksBuildPhase section */

/* Begin PBXGroup section */
		361114CE248A8DD200D7C9FB = {
			isa = PBXGroup;
			children = (
				361114D9248A8DD200D7C9FB /* AnimationSandbox */,
				361114D8248A8DD200D7C9FB /* Products */,
			);
			sourceTree = "<group>";
		};
		361114D8248A8DD200D7C9FB /* Products */ = {
			isa = PBXGroup;
			children = (
				361114D7248A8DD200D7C9FB /* AnimationSandbox.app */,
			);
			name = Products;
			sourceTree = "<group>";
		};
		361114D9248A8DD200D7C9FB /* AnimationSandbox */ = {
			isa = PBXGroup;
			children = (
				361114DA248A8DD200D7C9FB /* AppDelegate.swift */,
				361114DC248A8DD200D7C9FB /* SceneDelegate.swift */,
				361114DE248A8DD200D7C9FB /* ContentView.swift */,
				361114E0248A8DD400D7C9FB /* Assets.xcassets */,
				361114E5248A8DD400D7C9FB /* LaunchScreen.storyboard */,
				361114E8248A8DD400D7C9FB /* Info.plist */,
				361114E2248A8DD400D7C9FB /* Preview Content */,
			);
			path = AnimationSandbox;
			sourceTree = "<group>";
		};
		361114E2248A8DD400D7C9FB /* Preview Content */ = {
			isa = PBXGroup;
			children = (
				361114E3248A8DD400D7C9FB /* Preview Assets.xcassets */,
			);
			path = "Preview Content";
			sourceTree = "<group>";
		};
/* End PBXGroup section */

/* Begin PBXNativeTarget section */
		361114D6248A8DD200D7C9FB /* AnimationSandbox */ = {
			isa = PBXNativeTarget;
			buildConfigurationList = 361114EB248A8DD400D7C9FB /* Build configuration list for PBXNativeTarget "AnimationSandbox" */;
			buildPhases = (
				361114D3248A8DD200D7C9FB /* Sources */,
				361114D4248A8DD200D7C9FB /* Frameworks */,
				361114D5248A8DD200D7C9FB /* Resources */,
			);
			buildRules = (
			);
			dependencies = (
			);
			name = AnimationSandbox;
			productName = AnimationSandbox;
			productReference = 361114D7248A8DD200D7C9FB /* AnimationSandbox.app */;
			productType = "com.apple.product-type.application";
		};
/* End PBXNativeTarget section */

/* Begin PBXProject section */
		361114CF248A8DD200D7C9FB /* Project object */ = {
			isa = PBXProject;
			attributes = {
				LastSwiftUpdateCheck = 1150;
				LastUpgradeCheck = 1150;
				ORGANIZATIONNAME = jacobrozell;
				TargetAttributes = {
					361114D6248A8DD200D7C9FB = {
						CreatedOnToolsVersion = 11.5;
					};
				};
			};
			buildConfigurationList = 361114D2248A8DD200D7C9FB /* Build configuration list for PBXProject "AnimationSandbox" */;
			compatibilityVersion = "Xcode 9.3";
			developmentRegion = en;
			hasScannedForEncodings = 0;
			knownRegions = (
				en,
				Base,
			);
			mainGroup = 361114CE248A8DD200D7C9FB;
			productRefGroup = 361114D8248A8DD200D7C9FB /* Products */;
			projectDirPath = "";
			projectRoot = "";
			targets = (
				361114D6248A8DD200D7C9FB /* AnimationSandbox */,
			);
		};
/* End PBXProject section */

/* Begin PBXResourcesBuildPhase section */
		361114D5248A8DD200D7C9FB /* Resources */ = {
			isa = PBXResourcesBuildPhase;
			buildActionMask = 2147483647;
			files = (
				361114E7248A8DD400D7C9FB /* LaunchScreen.storyboard in Resources */,
				361114E4248A8DD400D7C9FB /* Preview Assets.xcassets in Resources */,
				361114E1248A8DD400D7C9FB /* Assets.xcassets in Resources */,
			);
			runOnlyForDeploymentPostprocessing = 0;
		};
/* End PBXResourcesBuildPhase section */

/* Begin PBXSourcesBuildPhase section */
		361114D3248A8DD200D7C9FB /* Sources */ = {
			isa = PBXSourcesBuildPhase;
			buildActionMask = 2147483647;
			files = (
				361114DB248A8DD200D7C9FB /* AppDelegate.swift in Sources */,
				361114DD248A8DD200D7C9FB /* SceneDelegate.swift in Sources */,
				361114DF248A8DD200D7C9FB /* ContentView.swift in Sources */,
			);
			runOnlyForDeploymentPostprocessing = 0;
		};
/* End PBXSourcesBuildPhase section */

/* Begin PBXVariantGroup section */
		361114E5248A8DD400D7C9FB /* LaunchScreen.storyboard */ = {
			isa = PBXVariantGroup;
			children = (
				361114E6248A8DD400D7C9FB /* Base */,
			);
			name = LaunchScreen.storyboard;
			sourceTree = "<group>";
		};
/* End PBXVariantGroup section */

/* Begin XCBuildConfiguration section */
		361114E9248A8DD400D7C9FB /* Debug */ = {
			isa = XCBuildConfiguration;
			buildSettings = {
				ALWAYS_SEARCH_USER_PATHS = NO;
				CLANG_ANALYZER_NONNULL = YES;
				CLANG_ANALYZER_NUMBER_OBJECT_CONVERSION = YES_AGGRESSIVE;
				CLANG_CXX_LANGUAGE_STANDARD = "gnu++14";
				CLANG_CXX_LIBRARY = "libc++";
				CLANG_ENABLE_MODULES = YES;
				CLANG_ENABLE_OBJC_ARC = YES;
				CLANG_ENABLE_OBJC_WEAK = YES;
				CLANG_WARN_BLOCK_CAPTURE_AUTORELEASING = YES;
				CLANG_WARN_BOOL_CONVERSION = YES;
				CLANG_WARN_COMMA = YES;
				CLANG_WARN_CONSTANT_CONVERSION = YES;
				CLANG_WARN_DEPRECATED_OBJC_IMPLEMENTATIONS = YES;
				CLANG_WARN_DIRECT_OBJC_ISA_USAGE = YES_ERROR;
				CLANG_WARN_DOCUMENTATION_COMMENTS = YES;
				CLANG_WARN_EMPTY_BODY = YES;
				CLANG_WARN_ENUM_CONVERSION = YES;
				CLANG_WARN_INFINITE_RECURSION = YES;
				CLANG_WARN_INT_CONVERSION = YES;
				CLANG_WARN_NON_LITERAL_NULL_CONVERSION = YES;
				CLANG_WARN_OBJC_IMPLICIT_RETAIN_SELF = YES;
				CLANG_WARN_OBJC_LITERAL_CONVERSION = YES;
				CLANG_WARN_OBJC_ROOT_CLASS = YES_ERROR;
				CLANG_WARN_RANGE_LOOP_ANALYSIS = YES;
				CLANG_WARN_STRICT_PROTOTYPES = YES;
				CLANG_WARN_SUSPICIOUS_MOVE = YES;
				CLANG_WARN_UNGUARDED_AVAILABILITY = YES_AGGRESSIVE;
				CLANG_WARN_UNREACHABLE_CODE = YES;
				CLANG_WARN__DUPLICATE_METHOD_MATCH = YES;
				COPY_PHASE_STRIP = NO;
				DEBUG_INFORMATION_FORMAT = dwarf;
				ENABLE_STRICT_OBJC_MSGSEND = YES;
				ENABLE_TESTABILITY = YES;
				GCC_C_LANGUAGE_STANDARD = gnu11;
				GCC_DYNAMIC_NO_PIC = NO;
				GCC_NO_COMMON_BLOCKS = YES;
				GCC_OPTIMIZATION_LEVEL = 0;
				GCC_PREPROCESSOR_DEFINITIONS = (
					"DEBUG=1",
					"$(inherited)",
				);
				GCC_WARN_64_TO_32_BIT_CONVERSION = YES;
				GCC_WARN_ABOUT_RETURN_TYPE = YES_ERROR;
				GCC_WARN_UNDECLARED_SELECTOR = YES;
				GCC_WARN_UNINITIALIZED_AUTOS = YES_AGGRESSIVE;
				GCC_WARN_UNUSED_FUNCTION = YES;
				GCC_WARN_UNUSED_VARIABLE = YES;
				IPHONEOS_DEPLOYMENT_TARGET = 13.5;
				MTL_ENABLE_DEBUG_INFO = INCLUDE_SOURCE;
				MTL_FAST_MATH = YES;
				ONLY_ACTIVE_ARCH = YES;
				SDKROOT = iphoneos;
				SWIFT_ACTIVE_COMPILATION_CONDITIONS = DEBUG;
				SWIFT_OPTIMIZATION_LEVEL = "-Onone";
			};
			name = Debug;
		};
		361114EA248A8DD400D7C9FB /* Release */ = {
			isa = XCBuildConfiguration;
			buildSettings = {
				ALWAYS_SEARCH_USER_PATHS = NO;
				CLANG_ANALYZER_NONNULL = YES;
				CLANG_ANALYZER_NUMBER_OBJECT_CONVERSION = YES_AGGRESSIVE;
				CLANG_CXX_LANGUAGE_STANDARD = "gnu++14";
				CLANG_CXX_LIBRARY = "libc++";
				CLANG_ENABLE_MODULES = YES;
				CLANG_ENABLE_OBJC_ARC = YES;
				CLANG_ENABLE_OBJC_WEAK = YES;
				CLANG_WARN_BLOCK_CAPTURE_AUTORELEASING = YES;
				CLANG_WARN_BOOL_CONVERSION = YES;
				CLANG_WARN_COMMA = YES;
				CLANG_WARN_CONSTANT_CONVERSION = YES;
				CLANG_WARN_DEPRECATED_OBJC_IMPLEMENTATIONS = YES;
				CLANG_WARN_DIRECT_OBJC_ISA_USAGE = YES_ERROR;
				CLANG_WARN_DOCUMENTATION_COMMENTS = YES;
				CLANG_WARN_EMPTY_BODY = YES;
				CLANG_WARN_ENUM_CONVERSION = YES;
				CLANG_WARN_INFINITE_RECURSION = YES;
				CLANG_WARN_INT_CONVERSION = YES;
				CLANG_WARN_NON_LITERAL_NULL_CONVERSION = YES;
				CLANG_WARN_OBJC_IMPLICIT_RETAIN_SELF = YES;
				CLANG_WARN_OBJC_LITERAL_CONVERSION = YES;
				CLANG_WARN_OBJC_ROOT_CLASS = YES_ERROR;
				CLANG_WARN_RANGE_LOOP_ANALYSIS = YES;
				CLANG_WARN_STRICT_PROTOTYPES = YES;
				CLANG_WARN_SUSPICIOUS_MOVE = YES;
				CLANG_WARN_UNGUARDED_AVAILABILITY = YES_AGGRESSIVE;
				CLANG_WARN_UNREACHABLE_CODE = YES;
				CLANG_WARN__DUPLICATE_METHOD_MATCH = YES;
				COPY_PHASE_STRIP = NO;
				DEBUG_INFORMATION_FORMAT = "dwarf-with-dsym";
				ENABLE_NS_ASSERTIONS = NO;
				ENABLE_STRICT_OBJC_MSGSEND = YES;
				GCC_C_LANGUAGE_STANDARD = gnu11;
				GCC_NO_COMMON_BLOCKS = YES;
				GCC_WARN_64_TO_32_BIT_CONVERSION = YES;
				GCC_WARN_ABOUT_RETURN_TYPE = YES_ERROR;
				GCC_WARN_UNDECLARED_SELECTOR = YES;
				GCC_WARN_UNINITIALIZED_AUTOS = YES_AGGRESSIVE;
				GCC_WARN_UNUSED_FUNCTION = YES;
				GCC_WARN_UNUSED_VARIABLE = YES;
				IPHONEOS_DEPLOYMENT_TARGET = 13.5;
				MTL_ENABLE_DEBUG_INFO = NO;
				MTL_FAST_MATH = YES;
				SDKROOT = iphoneos;
				SWIFT_COMPILATION_MODE = wholemodule;
				SWIFT_OPTIMIZATION_LEVEL = "-O";
				VALIDATE_PRODUCT = YES;
			};
			name = Release;
		};
		361114EC248A8DD400D7C9FB /* Debug */ = {
			isa = XCBuildConfiguration;
			buildSettings = {
				ASSETCATALOG_COMPILER_APPICON_NAME = AppIcon;
				CODE_SIGN_STYLE = Automatic;
				DEVELOPMENT_ASSET_PATHS = "\"AnimationSandbox/Preview Content\"";
				DEVELOPMENT_TEAM = 7JT2JB89AV;
				ENABLE_PREVIEWS = YES;
				INFOPLIST_FILE = AnimationSandbox/Info.plist;
				LD_RUNPATH_SEARCH_PATHS = (
					"$(inherited)",
					"@executable_path/Frameworks",
				);
				PRODUCT_BUNDLE_IDENTIFIER = com.jacobrozell.AnimationSandbox;
				PRODUCT_NAME = "$(TARGET_NAME)";
				SWIFT_VERSION = 5.0;
				TARGETED_DEVICE_FAMILY = "1,2";
			};
			name = Debug;
		};
		361114ED248A8DD400D7C9FB /* Release */ = {
			isa = XCBuildConfiguration;
			buildSettings = {
				ASSETCATALOG_COMPILER_APPICON_NAME = AppIcon;
				CODE_SIGN_STYLE = Automatic;
				DEVELOPMENT_ASSET_PATHS = "\"AnimationSandbox/Preview Content\"";
				DEVELOPMENT_TEAM = 7JT2JB89AV;
				ENABLE_PREVIEWS = YES;
				INFOPLIST_FILE = AnimationSandbox/Info.plist;
				LD_RUNPATH_SEARCH_PATHS = (
					"$(inherited)",
					"@executable_path/Frameworks",
				);
				PRODUCT_BUNDLE_IDENTIFIER = com.jacobrozell.AnimationSandbox;
				PRODUCT_NAME = "$(TARGET_NAME)";
				SWIFT_VERSION = 5.0;
				TARGETED_DEVICE_FAMILY = "1,2";
			};
			name = Release;
		};
/* End XCBuildConfiguration section */

/* Begin XCConfigurationList section */
		361114D2248A8DD200D7C9FB /* Build configuration list for PBXProject "AnimationSandbox" */ = {
			isa = XCConfigurationList;
			buildConfigurations = (
				361114E9248A8DD400D7C9FB /* Debug */,
				361114EA248A8DD400D7C9FB /* Release */,
			);
			defaultConfigurationIsVisible = 0;
			defaultConfigurationName = Release;
		};
		361114EB248A8DD400D7C9FB /* Build configuration list for PBXNativeTarget "AnimationSandbox" */ = {
			isa = XCConfigurationList;
			buildConfigurations = (
				361114EC248A8DD400D7C9FB /* Debug */,
				361114ED248A8DD400D7C9FB /* Release */,
			);
			defaultConfigurationIsVisible = 0;
			defaultConfigurationName = Release;
		};
/* End XCConfigurationList section */
	};
	rootObject = 361114CF248A8DD200D7C9FB /* Project object */;
}
